// !$*UTF8*$!
{
	archiveVersion = 1;
	classes = {
	};
	objectVersion = 46;
	objects = {

/* Begin PBXBuildFile section */
		62A10CA214D4D1E40072B828 /* UIKit.framework in Frameworks */ = {isa = PBXBuildFile; fileRef = 62A10CA114D4D1E40072B828 /* UIKit.framework */; };
		62A10CA414D4D1E40072B828 /* Foundation.framework in Frameworks */ = {isa = PBXBuildFile; fileRef = 62A10CA314D4D1E40072B828 /* Foundation.framework */; };
		62A10CA614D4D1E40072B828 /* CoreGraphics.framework in Frameworks */ = {isa = PBXBuildFile; fileRef = 62A10CA514D4D1E40072B828 /* CoreGraphics.framework */; };
		62A10CAC14D4D1E40072B828 /* InfoPlist.strings in Resources */ = {isa = PBXBuildFile; fileRef = 62A10CAA14D4D1E40072B828 /* InfoPlist.strings */; };
		62A10CAE14D4D1E40072B828 /* main.m in Sources */ = {isa = PBXBuildFile; fileRef = 62A10CAD14D4D1E40072B828 /* main.m */; };
		62A10CB214D4D1E40072B828 /* AppDelegate.m in Sources */ = {isa = PBXBuildFile; fileRef = 62A10CB114D4D1E40072B828 /* AppDelegate.m */; };
		62A10CB514D4D1E40072B828 /* MainStoryboard_iPhone.storyboard in Resources */ = {isa = PBXBuildFile; fileRef = 62A10CB314D4D1E40072B828 /* MainStoryboard_iPhone.storyboard */; };
		62A10CB814D4D1E40072B828 /* MainStoryboard_iPad.storyboard in Resources */ = {isa = PBXBuildFile; fileRef = 62A10CB614D4D1E40072B828 /* MainStoryboard_iPad.storyboard */; };
		62A10CBB14D4D1E40072B828 /* ViewController.m in Sources */ = {isa = PBXBuildFile; fileRef = 62A10CBA14D4D1E40072B828 /* ViewController.m */; };
/* End PBXBuildFile section */

/* Begin PBXFileReference section */
		62A10C9D14D4D1E40072B828 /* eenit.app */ = {isa = PBXFileReference; explicitFileType = wrapper.application; includeInIndex = 0; path = eenit.app; sourceTree = BUILT_PRODUCTS_DIR; };
		62A10CA114D4D1E40072B828 /* UIKit.framework */ = {isa = PBXFileReference; lastKnownFileType = wrapper.framework; name = UIKit.framework; path = System/Library/Frameworks/UIKit.framework; sourceTree = SDKROOT; };
		62A10CA314D4D1E40072B828 /* Foundation.framework */ = {isa = PBXFileReference; lastKnownFileType = wrapper.framework; name = Foundation.framework; path = System/Library/Frameworks/Foundation.framework; sourceTree = SDKROOT; };
		62A10CA514D4D1E40072B828 /* CoreGraphics.framework */ = {isa = PBXFileReference; lastKnownFileType = wrapper.framework; name = CoreGraphics.framework; path = System/Library/Frameworks/CoreGraphics.framework; sourceTree = SDKROOT; };
		62A10CA914D4D1E40072B828 /* eenit-Info.plist */ = {isa = PBXFileReference; lastKnownFileType = text.plist.xml; path = "eenit-Info.plist"; sourceTree = "<group>"; };
		62A10CAB14D4D1E40072B828 /* en */ = {isa = PBXFileReference; lastKnownFileType = text.plist.strings; name = en; path = en.lproj/InfoPlist.strings; sourceTree = "<group>"; };
		62A10CAD14D4D1E40072B828 /* main.m */ = {isa = PBXFileReference; lastKnownFileType = sourcecode.c.objc; path = main.m; sourceTree = "<group>"; };
		62A10CAF14D4D1E40072B828 /* eenit-Prefix.pch */ = {isa = PBXFileReference; lastKnownFileType = sourcecode.c.h; path = "eenit-Prefix.pch"; sourceTree = "<group>"; };
		62A10CB014D4D1E40072B828 /* AppDelegate.h */ = {isa = PBXFileReference; lastKnownFileType = sourcecode.c.h; path = AppDelegate.h; sourceTree = "<group>"; };
		62A10CB114D4D1E40072B828 /* AppDelegate.m */ = {isa = PBXFileReference; lastKnownFileType = sourcecode.c.objc; path = AppDelegate.m; sourceTree = "<group>"; };
		62A10CB414D4D1E40072B828 /* en */ = {isa = PBXFileReference; lastKnownFileType = file.storyboard; name = en; path = en.lproj/MainStoryboard_iPhone.storyboard; sourceTree = "<group>"; };
		62A10CB714D4D1E40072B828 /* en */ = {isa = PBXFileReference; lastKnownFileType = file.storyboard; name = en; path = en.lproj/MainStoryboard_iPad.storyboard; sourceTree = "<group>"; };
		62A10CB914D4D1E40072B828 /* ViewController.h */ = {isa = PBXFileReference; lastKnownFileType = sourcecode.c.h; path = ViewController.h; sourceTree = "<group>"; };
		62A10CBA14D4D1E40072B828 /* ViewController.m */ = {isa = PBXFileReference; lastKnownFileType = sourcecode.c.objc; path = ViewController.m; sourceTree = "<group>"; };
/* End PBXFileReference section */

/* Begin PBXFrameworksBuildPhase section */
		62A10C9A14D4D1E40072B828 /* Frameworks */ = {
			isa = PBXFrameworksBuildPhase;
			buildActionMask = 2147483647;
			files = (
				62A10CA214D4D1E40072B828 /* UIKit.framework in Frameworks */,
				62A10CA414D4D1E40072B828 /* Foundation.framework in Frameworks */,
				62A10CA614D4D1E40072B828 /* CoreGraphics.framework in Frameworks */,
			);
			runOnlyForDeploymentPostprocessing = 0;
		};
/* End PBXFrameworksBuildPhase section */

/* Begin PBXGroup section */
		62A10C9214D4D1E40072B828 = {
			isa = PBXGroup;
			children = (
				62A10CA714D4D1E40072B828 /* eenit */,
				62A10CA014D4D1E40072B828 /* Frameworks */,
				62A10C9E14D4D1E40072B828 /* Products */,
			);
			sourceTree = "<group>";
		};
		62A10C9E14D4D1E40072B828 /* Products */ = {
			isa = PBXGroup;
			children = (
				62A10C9D14D4D1E40072B828 /* eenit.app */,
			);
			name = Products;
			sourceTree = "<group>";
		};
		62A10CA014D4D1E40072B828 /* Frameworks */ = {
			isa = PBXGroup;
			children = (
				62A10CA114D4D1E40072B828 /* UIKit.framework */,
				62A10CA314D4D1E40072B828 /* Foundation.framework */,
				62A10CA514D4D1E40072B828 /* CoreGraphics.framework */,
			);
			name = Frameworks;
			sourceTree = "<group>";
		};
		62A10CA714D4D1E40072B828 /* eenit */ = {
			isa = PBXGroup;
			children = (
				62A10CB014D4D1E40072B828 /* AppDelegate.h */,
				62A10CB114D4D1E40072B828 /* AppDelegate.m */,
				62A10CB314D4D1E40072B828 /* MainStoryboard_iPhone.storyboard */,
				62A10CB614D4D1E40072B828 /* MainStoryboard_iPad.storyboard */,
				62A10CB914D4D1E40072B828 /* ViewController.h */,
				62A10CBA14D4D1E40072B828 /* ViewController.m */,
				62A10CA814D4D1E40072B828 /* Supporting Files */,
			);
			path = eenit;
			sourceTree = "<group>";
		};
		62A10CA814D4D1E40072B828 /* Supporting Files */ = {
			isa = PBXGroup;
			children = (
				62A10CA914D4D1E40072B828 /* eenit-Info.plist */,
				62A10CAA14D4D1E40072B828 /* InfoPlist.strings */,
				62A10CAD14D4D1E40072B828 /* main.m */,
				62A10CAF14D4D1E40072B828 /* eenit-Prefix.pch */,
			);
			name = "Supporting Files";
			sourceTree = "<group>";
		};
/* End PBXGroup section */

/* Begin PBXNativeTarget section */
		62A10C9C14D4D1E40072B828 /* eenit */ = {
			isa = PBXNativeTarget;
			buildConfigurationList = 62A10CBE14D4D1E40072B828 /* Build configuration list for PBXNativeTarget "eenit" */;
			buildPhases = (
				62A10C9914D4D1E40072B828 /* Sources */,
				62A10C9A14D4D1E40072B828 /* Frameworks */,
				62A10C9B14D4D1E40072B828 /* Resources */,
			);
			buildRules = (
			);
			dependencies = (
			);
			name = eenit;
			productName = eenit;
			productReference = 62A10C9D14D4D1E40072B828 /* eenit.app */;
			productType = "com.apple.product-type.application";
		};
/* End PBXNativeTarget section */

/* Begin PBXProject section */
		62A10C9414D4D1E40072B828 /* Project object */ = {
			isa = PBXProject;
			attributes = {
				LastUpgradeCheck = 0420;
			};
			buildConfigurationList = 62A10C9714D4D1E40072B828 /* Build configuration list for PBXProject "eenit" */;
			compatibilityVersion = "Xcode 3.2";
			developmentRegion = English;
			hasScannedForEncodings = 0;
			knownRegions = (
				en,
			);
			mainGroup = 62A10C9214D4D1E40072B828;
			productRefGroup = 62A10C9E14D4D1E40072B828 /* Products */;
			projectDirPath = "";
			projectRoot = "";
			targets = (
				62A10C9C14D4D1E40072B828 /* eenit */,
			);
		};
/* End PBXProject section */

/* Begin PBXResourcesBuildPhase section */
		62A10C9B14D4D1E40072B828 /* Resources */ = {
			isa = PBXResourcesBuildPhase;
			buildActionMask = 2147483647;
			files = (
				62A10CAC14D4D1E40072B828 /* InfoPlist.strings in Resources */,
				62A10CB514D4D1E40072B828 /* MainStoryboard_iPhone.storyboard in Resources */,
				62A10CB814D4D1E40072B828 /* MainStoryboard_iPad.storyboard in Resources */,
			);
			runOnlyForDeploymentPostprocessing = 0;
		};
/* End PBXResourcesBuildPhase section */

/* Begin PBXSourcesBuildPhase section */
		62A10C9914D4D1E40072B828 /* Sources */ = {
			isa = PBXSourcesBuildPhase;
			buildActionMask = 2147483647;
			files = (
				62A10CAE14D4D1E40072B828 /* main.m in Sources */,
				62A10CB214D4D1E40072B828 /* AppDelegate.m in Sources */,
				62A10CBB14D4D1E40072B828 /* ViewController.m in Sources */,
			);
			runOnlyForDeploymentPostprocessing = 0;
		};
/* End PBXSourcesBuildPhase section */

/* Begin PBXVariantGroup section */
		62A10CAA14D4D1E40072B828 /* InfoPlist.strings */ = {
			isa = PBXVariantGroup;
			children = (
				62A10CAB14D4D1E40072B828 /* en */,
			);
			name = InfoPlist.strings;
			sourceTree = "<group>";
		};
		62A10CB314D4D1E40072B828 /* MainStoryboard_iPhone.storyboard */ = {
			isa = PBXVariantGroup;
			children = (
				62A10CB414D4D1E40072B828 /* en */,
			);
			name = MainStoryboard_iPhone.storyboard;
			sourceTree = "<group>";
		};
		62A10CB614D4D1E40072B828 /* MainStoryboard_iPad.storyboard */ = {
			isa = PBXVariantGroup;
			children = (
				62A10CB714D4D1E40072B828 /* en */,
			);
			name = MainStoryboard_iPad.storyboard;
			sourceTree = "<group>";
		};
/* End PBXVariantGroup section */

/* Begin XCBuildConfiguration section */
		62A10CBC14D4D1E40072B828 /* Debug */ = {
			isa = XCBuildConfiguration;
			buildSettings = {
				ALWAYS_SEARCH_USER_PATHS = NO;
				ARCHS = "$(ARCHS_STANDARD_32_BIT)";
				CLANG_ENABLE_OBJC_ARC = YES;
				"CODE_SIGN_IDENTITY[sdk=iphoneos*]" = "iPhone Developer";
				COPY_PHASE_STRIP = NO;
				GCC_C_LANGUAGE_STANDARD = gnu99;
				GCC_DYNAMIC_NO_PIC = NO;
				GCC_OPTIMIZATION_LEVEL = 0;
				GCC_PREPROCESSOR_DEFINITIONS = (
					"DEBUG=1",
					"$(inherited)",
				);
				GCC_SYMBOLS_PRIVATE_EXTERN = NO;
				GCC_VERSION = com.apple.compilers.llvm.clang.1_0;
				GCC_WARN_ABOUT_MISSING_PROTOTYPES = YES;
				GCC_WARN_ABOUT_RETURN_TYPE = YES;
				GCC_WARN_UNUSED_VARIABLE = YES;
				IPHONEOS_DEPLOYMENT_TARGET = 5.0;
				SDKROOT = iphoneos;
				TARGETED_DEVICE_FAMILY = "1,2";
			};
			name = Debug;
		};
		62A10CBD14D4D1E40072B828 /* Release */ = {
			isa = XCBuildConfiguration;
			buildSettings = {
				ALWAYS_SEARCH_USER_PATHS = NO;
				ARCHS = "$(ARCHS_STANDARD_32_BIT)";
				CLANG_ENABLE_OBJC_ARC = YES;
				"CODE_SIGN_IDENTITY[sdk=iphoneos*]" = "iPhone Developer";
				COPY_PHASE_STRIP = YES;
				GCC_C_LANGUAGE_STANDARD = gnu99;
				GCC_VERSION = com.apple.compilers.llvm.clang.1_0;
				GCC_WARN_ABOUT_MISSING_PROTOTYPES = YES;
				GCC_WARN_ABOUT_RETURN_TYPE = YES;
				GCC_WARN_UNUSED_VARIABLE = YES;
				IPHONEOS_DEPLOYMENT_TARGET = 5.0;
				OTHER_CFLAGS = "-DNS_BLOCK_ASSERTIONS=1";
				SDKROOT = iphoneos;
				TARGETED_DEVICE_FAMILY = "1,2";
				VALIDATE_PRODUCT = YES;
			};
			name = Release;
		};
		62A10CBF14D4D1E40072B828 /* Debug */ = {
			isa = XCBuildConfiguration;
			buildSettings = {
				GCC_PRECOMPILE_PREFIX_HEADER = YES;
				GCC_PREFIX_HEADER = "eenit/eenit-Prefix.pch";
				INFOPLIST_FILE = "eenit/eenit-Info.plist";
				PRODUCT_NAME = "$(TARGET_NAME)";
				WRAPPER_EXTENSION = app;
			};
			name = Debug;
		};
		62A10CC014D4D1E40072B828 /* Release */ = {
			isa = XCBuildConfiguration;
			buildSettings = {
				GCC_PRECOMPILE_PREFIX_HEADER = YES;
				GCC_PREFIX_HEADER = "eenit/eenit-Prefix.pch";
				INFOPLIST_FILE = "eenit/eenit-Info.plist";
				PRODUCT_NAME = "$(TARGET_NAME)";
				WRAPPER_EXTENSION = app;
			};
			name = Release;
		};
/* End XCBuildConfiguration section */

/* Begin XCConfigurationList section */
		62A10C9714D4D1E40072B828 /* Build configuration list for PBXProject "eenit" */ = {
			isa = XCConfigurationList;
			buildConfigurations = (
				62A10CBC14D4D1E40072B828 /* Debug */,
				62A10CBD14D4D1E40072B828 /* Release */,
			);
			defaultConfigurationIsVisible = 0;
			defaultConfigurationName = Release;
		};
		62A10CBE14D4D1E40072B828 /* Build configuration list for PBXNativeTarget "eenit" */ = {
			isa = XCConfigurationList;
			buildConfigurations = (
				62A10CBF14D4D1E40072B828 /* Debug */,
				62A10CC014D4D1E40072B828 /* Release */,
			);
			defaultConfigurationIsVisible = 0;
		};
/* End XCConfigurationList section */
	};
	rootObject = 62A10C9414D4D1E40072B828 /* Project object */;
}
