// !$*UTF8*$!
{
	archiveVersion = 1;
	classes = {
	};
	objectVersion = 46;
	objects = {

/* Begin PBXBuildFile section */
		62A10CA214D4D1E40072B828 /* UIKit.framework in Frameworks */ = {isa = PBXBuildFile; fileRef = 62A10CA114D4D1E40072B828 /* UIKit.framework */; };
		62A10CA414D4D1E40072B828 /* Foundation.framework in Frameworks */ = {isa = PBXBuildFile; fileRef = 62A10CA314D4D1E40072B828 /* Foundation.framework */; };
		62A10CA614D4D1E40072B828 /* CoreGraphics.framework in Frameworks */ = {isa = PBXBuildFile; fileRef = 62A10CA514D4D1E40072B828 /* CoreGraphics.framework */; };
		62A10CAC14D4D1E40072B828 /* InfoPlist.strings in Resources */ = {isa = PBXBuildFile; fileRef = 62A10CAA14D4D1E40072B828 /* InfoPlist.strings */; };
		62A10CAE14D4D1E40072B828 /* main.m in Sources */ = {isa = PBXBuildFile; fileRef = 62A10CAD14D4D1E40072B828 /* main.m */; };
		62A10CB214D4D1E40072B828 /* AppDelegate.m in Sources */ = {isa = PBXBuildFile; fileRef = 62A10CB114D4D1E40072B828 /* AppDelegate.m */; };
		62A10CB514D4D1E40072B828 /* MainStoryboard_iPhone.storyboard in Resources */ = {isa = PBXBuildFile; fileRef = 62A10CB314D4D1E40072B828 /* MainStoryboard_iPhone.storyboard */; };
		62A10CB814D4D1E40072B828 /* MainStoryboard_iPad.storyboard in Resources */ = {isa = PBXBuildFile; fileRef = 62A10CB614D4D1E40072B828 /* MainStoryboard_iPad.storyboard */; };
		62A10CBB14D4D1E40072B828 /* ViewController.m in Sources */ = {isa = PBXBuildFile; fileRef = 62A10CBA14D4D1E40072B828 /* ViewController.m */; };
		62A10CC414D4DA1D0072B828 /* MainViewController.m in Sources */ = {isa = PBXBuildFile; fileRef = 62A10CC314D4DA1D0072B828 /* MainViewController.m */; };
		62A10CC714D4DA420072B828 /* AboutViewController.m in Sources */ = {isa = PBXBuildFile; fileRef = 62A10CC614D4DA420072B828 /* AboutViewController.m */; };
		62A10CCA14D4DA6A0072B828 /* SettingsViewController.m in Sources */ = {isa = PBXBuildFile; fileRef = 62A10CC914D4DA690072B828 /* SettingsViewController.m */; };
		62A10CCD14D4DA960072B828 /* HelpViewController.m in Sources */ = {isa = PBXBuildFile; fileRef = 62A10CCC14D4DA950072B828 /* HelpViewController.m */; };
		62A10CD014D4DAAF0072B828 /* StatsViewController.m in Sources */ = {isa = PBXBuildFile; fileRef = 62A10CCF14D4DAAF0072B828 /* StatsViewController.m */; };
		62A10CD314D4DAF50072B828 /* IntroViewController.m in Sources */ = {isa = PBXBuildFile; fileRef = 62A10CD214D4DAF50072B828 /* IntroViewController.m */; };
		62A10CD614D4DC0A0072B828 /* GameViewController.m in Sources */ = {isa = PBXBuildFile; fileRef = 62A10CD514D4DC0A0072B828 /* GameViewController.m */; };
		62A10CD914D4DC200072B828 /* PauseViewController.m in Sources */ = {isa = PBXBuildFile; fileRef = 62A10CD814D4DC200072B828 /* PauseViewController.m */; };
		62A10CE814D4E86B0072B828 /* app_icon.png in Resources */ = {isa = PBXBuildFile; fileRef = 62A10CE714D4E86B0072B828 /* app_icon.png */; };
		62A10CEA14D4E8720072B828 /* app_icon@2x.png in Resources */ = {isa = PBXBuildFile; fileRef = 62A10CE914D4E8720072B828 /* app_icon@2x.png */; };
		62A10CEC14D4E88E0072B828 /* app_icon_ipad.png in Resources */ = {isa = PBXBuildFile; fileRef = 62A10CEB14D4E88D0072B828 /* app_icon_ipad.png */; };
		62A10CEE14D4E89C0072B828 /* Default-Portrait~ipad.png in Resources */ = {isa = PBXBuildFile; fileRef = 62A10CED14D4E89C0072B828 /* Default-Portrait~ipad.png */; };
		62A10CF014D4E8B30072B828 /* Default.png in Resources */ = {isa = PBXBuildFile; fileRef = 62A10CEF14D4E8B20072B828 /* Default.png */; };
		62A10CF214D4E8B80072B828 /* Default@2x.png in Resources */ = {isa = PBXBuildFile; fileRef = 62A10CF114D4E8B80072B828 /* Default@2x.png */; };
		62A10D0614D4ED6C0072B828 /* button_selected@2x.png in Resources */ = {isa = PBXBuildFile; fileRef = 62A10CF414D4ED6C0072B828 /* button_selected@2x.png */; };
		62A10D0714D4ED6C0072B828 /* button@2x.png in Resources */ = {isa = PBXBuildFile; fileRef = 62A10CF514D4ED6C0072B828 /* button@2x.png */; };
		62A10D0814D4ED6C0072B828 /* button.png in Resources */ = {isa = PBXBuildFile; fileRef = 62A10CF614D4ED6C0072B828 /* button.png */; };
		62A10D0914D4ED6C0072B828 /* button_selected.png in Resources */ = {isa = PBXBuildFile; fileRef = 62A10CF714D4ED6C0072B828 /* button_selected.png */; };
		62A10D0A14D4ED6C0072B828 /* game_bg@2x.png in Resources */ = {isa = PBXBuildFile; fileRef = 62A10CF814D4ED6C0072B828 /* game_bg@2x.png */; };
		62A10D0B14D4ED6C0072B828 /* game_bg.png in Resources */ = {isa = PBXBuildFile; fileRef = 62A10CF914D4ED6C0072B828 /* game_bg.png */; };
		62A10D0C14D4ED6C0072B828 /* pause_bg.png in Resources */ = {isa = PBXBuildFile; fileRef = 62A10CFA14D4ED6C0072B828 /* pause_bg.png */; };
		62A10D0D14D4ED6C0072B828 /* pause_bg@2x.png in Resources */ = {isa = PBXBuildFile; fileRef = 62A10CFB14D4ED6C0072B828 /* pause_bg@2x.png */; };
		62A10D0E14D4ED6C0072B828 /* intro_bg.png in Resources */ = {isa = PBXBuildFile; fileRef = 62A10CFC14D4ED6C0072B828 /* intro_bg.png */; };
		62A10D0F14D4ED6C0072B828 /* intro_bg@2x.png in Resources */ = {isa = PBXBuildFile; fileRef = 62A10CFD14D4ED6C0072B828 /* intro_bg@2x.png */; };
		62A10D1014D4ED6C0072B828 /* main_menu_bg.png in Resources */ = {isa = PBXBuildFile; fileRef = 62A10CFE14D4ED6C0072B828 /* main_menu_bg.png */; };
		62A10D1114D4ED6C0072B828 /* main_menu_bg@2x.png in Resources */ = {isa = PBXBuildFile; fileRef = 62A10CFF14D4ED6C0072B828 /* main_menu_bg@2x.png */; };
		62A10D1214D4ED6C0072B828 /* stats_bg.png in Resources */ = {isa = PBXBuildFile; fileRef = 62A10D0014D4ED6C0072B828 /* stats_bg.png */; };
		62A10D1314D4ED6C0072B828 /* stats_bg@2x.png in Resources */ = {isa = PBXBuildFile; fileRef = 62A10D0114D4ED6C0072B828 /* stats_bg@2x.png */; };
		62A10D1414D4ED6C0072B828 /* settings_bg.png in Resources */ = {isa = PBXBuildFile; fileRef = 62A10D0214D4ED6C0072B828 /* settings_bg.png */; };
		62A10D1514D4ED6C0072B828 /* settings_bg@2x.png in Resources */ = {isa = PBXBuildFile; fileRef = 62A10D0314D4ED6C0072B828 /* settings_bg@2x.png */; };
		62A10D1614D4ED6C0072B828 /* about_bg.png in Resources */ = {isa = PBXBuildFile; fileRef = 62A10D0414D4ED6C0072B828 /* about_bg.png */; };
		62A10D1714D4ED6C0072B828 /* about_bg@2x.png in Resources */ = {isa = PBXBuildFile; fileRef = 62A10D0514D4ED6C0072B828 /* about_bg@2x.png */; };
		62A10D1B14D4F66B0072B828 /* button_2_selected.png in Resources */ = {isa = PBXBuildFile; fileRef = 62A10D1914D4F66B0072B828 /* button_2_selected.png */; };
		62A10D1C14D4F66B0072B828 /* button_2.png in Resources */ = {isa = PBXBuildFile; fileRef = 62A10D1A14D4F66B0072B828 /* button_2.png */; };
		62A10D2C14D4FC6F0072B828 /* about_back_btn.png in Resources */ = {isa = PBXBuildFile; fileRef = 62A10D1E14D4FC6F0072B828 /* about_back_btn.png */; };
		62A10D2D14D4FC6F0072B828 /* about_back_sel_btn.png in Resources */ = {isa = PBXBuildFile; fileRef = 62A10D1F14D4FC6F0072B828 /* about_back_sel_btn.png */; };
		62A10D2E14D4FC6F0072B828 /* about_btn.png in Resources */ = {isa = PBXBuildFile; fileRef = 62A10D2014D4FC6F0072B828 /* about_btn.png */; };
		62A10D2F14D4FC6F0072B828 /* about_sel_btn.png in Resources */ = {isa = PBXBuildFile; fileRef = 62A10D2114D4FC6F0072B828 /* about_sel_btn.png */; };
		62A10D3014D4FC6F0072B828 /* help_back_btn.png in Resources */ = {isa = PBXBuildFile; fileRef = 62A10D2214D4FC6F0072B828 /* help_back_btn.png */; };
		62A10D3114D4FC6F0072B828 /* help_back_sel_btn.png in Resources */ = {isa = PBXBuildFile; fileRef = 62A10D2314D4FC6F0072B828 /* help_back_sel_btn.png */; };
		62A10D3214D4FC6F0072B828 /* settings_back_btn.png in Resources */ = {isa = PBXBuildFile; fileRef = 62A10D2414D4FC6F0072B828 /* settings_back_btn.png */; };
		62A10D3314D4FC6F0072B828 /* settings_back_sel_btn.png in Resources */ = {isa = PBXBuildFile; fileRef = 62A10D2514D4FC6F0072B828 /* settings_back_sel_btn.png */; };
		62A10D3414D4FC6F0072B828 /* settings_btn.png in Resources */ = {isa = PBXBuildFile; fileRef = 62A10D2614D4FC6F0072B828 /* settings_btn.png */; };
		62A10D3514D4FC6F0072B828 /* settings_sel_btn.png in Resources */ = {isa = PBXBuildFile; fileRef = 62A10D2714D4FC6F0072B828 /* settings_sel_btn.png */; };
		62A10D3614D4FC6F0072B828 /* stats_back_btn.png in Resources */ = {isa = PBXBuildFile; fileRef = 62A10D2814D4FC6F0072B828 /* stats_back_btn.png */; };
		62A10D3714D4FC6F0072B828 /* stats_back_sel_btn.png in Resources */ = {isa = PBXBuildFile; fileRef = 62A10D2914D4FC6F0072B828 /* stats_back_sel_btn.png */; };
		62A10D3814D4FC6F0072B828 /* stats_btn.png in Resources */ = {isa = PBXBuildFile; fileRef = 62A10D2A14D4FC6F0072B828 /* stats_btn.png */; };
		62A10D3914D4FC6F0072B828 /* stats_sel_btn.png in Resources */ = {isa = PBXBuildFile; fileRef = 62A10D2B14D4FC6F0072B828 /* stats_sel_btn.png */; };
		62A10D3C14D4FE5C0072B828 /* help_sel_btn.png in Resources */ = {isa = PBXBuildFile; fileRef = 62A10D3A14D4FE5C0072B828 /* help_sel_btn.png */; };
		62A10D3D14D4FE5C0072B828 /* help_btn.png in Resources */ = {isa = PBXBuildFile; fileRef = 62A10D3B14D4FE5C0072B828 /* help_btn.png */; };
		62A10D4014D4FEBA0072B828 /* play_sel_btn.png in Resources */ = {isa = PBXBuildFile; fileRef = 62A10D3E14D4FEBA0072B828 /* play_sel_btn.png */; };
		62A10D4114D4FEBA0072B828 /* play_btn.png in Resources */ = {isa = PBXBuildFile; fileRef = 62A10D3F14D4FEBA0072B828 /* play_btn.png */; };
		62A10D4414D4FF580072B828 /* pause_sel_btn.png in Resources */ = {isa = PBXBuildFile; fileRef = 62A10D4214D4FF580072B828 /* pause_sel_btn.png */; };
		62A10D4514D4FF580072B828 /* pause_btn.png in Resources */ = {isa = PBXBuildFile; fileRef = 62A10D4314D4FF580072B828 /* pause_btn.png */; };
		62A10D4A14D4FFD60072B828 /* quit_sel_btn.png in Resources */ = {isa = PBXBuildFile; fileRef = 62A10D4614D4FFD50072B828 /* quit_sel_btn.png */; };
		62A10D4B14D4FFD60072B828 /* quit_btn.png in Resources */ = {isa = PBXBuildFile; fileRef = 62A10D4714D4FFD50072B828 /* quit_btn.png */; };
		62A10D4C14D4FFD60072B828 /* resume_sel_btn.png in Resources */ = {isa = PBXBuildFile; fileRef = 62A10D4814D4FFD50072B828 /* resume_sel_btn.png */; };
		62A10D4D14D4FFD60072B828 /* resume_btn.png in Resources */ = {isa = PBXBuildFile; fileRef = 62A10D4914D4FFD50072B828 /* resume_btn.png */; };
		62A10D5014D500590072B828 /* gamecenter_sel_btn.png in Resources */ = {isa = PBXBuildFile; fileRef = 62A10D4E14D500570072B828 /* gamecenter_sel_btn.png */; };
		62A10D5114D500590072B828 /* gamecenter_btn.png in Resources */ = {isa = PBXBuildFile; fileRef = 62A10D4F14D500580072B828 /* gamecenter_btn.png */; };
		62A10D5414D504510072B828 /* CDataHandler.m in Sources */ = {isa = PBXBuildFile; fileRef = 62A10D5314D504510072B828 /* CDataHandler.m */; };
		62A10D5614D504E60072B828 /* MessageUI.framework in Frameworks */ = {isa = PBXBuildFile; fileRef = 62A10D5514D504E50072B828 /* MessageUI.framework */; };
		62A10D5814D504ED0072B828 /* CoreData.framework in Frameworks */ = {isa = PBXBuildFile; fileRef = 62A10D5714D504EC0072B828 /* CoreData.framework */; };
		62A10D5A14D505710072B828 /* GameKit.framework in Frameworks */ = {isa = PBXBuildFile; fileRef = 62A10D5914D505710072B828 /* GameKit.framework */; };
		62A10D5C14D505840072B828 /* Twitter.framework in Frameworks */ = {isa = PBXBuildFile; fileRef = 62A10D5B14D505830072B828 /* Twitter.framework */; };
		62A10D5F14D51F920072B828 /* LocalStorage.m in Sources */ = {isa = PBXBuildFile; fileRef = 62A10D5E14D51F920072B828 /* LocalStorage.m */; };
		62A10D6214D520420072B828 /* Sound.m in Sources */ = {isa = PBXBuildFile; fileRef = 62A10D6114D520410072B828 /* Sound.m */; };
		62A10D6414D523D80072B828 /* AVFoundation.framework in Frameworks */ = {isa = PBXBuildFile; fileRef = 62A10D6314D523D70072B828 /* AVFoundation.framework */; };
		62A10D6614D523DF0072B828 /* AudioToolbox.framework in Frameworks */ = {isa = PBXBuildFile; fileRef = 62A10D6514D523DE0072B828 /* AudioToolbox.framework */; };
		62A10D6814D523E60072B828 /* CoreAudio.framework in Frameworks */ = {isa = PBXBuildFile; fileRef = 62A10D6714D523E60072B828 /* CoreAudio.framework */; };
		62A10D7A14D5B9680072B828 /* libGoogleAnalytics.a in Frameworks */ = {isa = PBXBuildFile; fileRef = 62A10D7814D5B9680072B828 /* libGoogleAnalytics.a */; };
		62A10D7B14D5B9680072B828 /* libGoogleAnalytics_NoThumb.a in Frameworks */ = {isa = PBXBuildFile; fileRef = 62A10D7914D5B9680072B828 /* libGoogleAnalytics_NoThumb.a */; };
		62A10D7D14D5BA7F0072B828 /* libsqlite3.0.dylib in Frameworks */ = {isa = PBXBuildFile; fileRef = 62A10D7C14D5BA7E0072B828 /* libsqlite3.0.dylib */; };
/* End PBXBuildFile section */

/* Begin PBXFileReference section */
		62A10C9D14D4D1E40072B828 /* eenit.app */ = {isa = PBXFileReference; explicitFileType = wrapper.application; includeInIndex = 0; path = eenit.app; sourceTree = BUILT_PRODUCTS_DIR; };
		62A10CA114D4D1E40072B828 /* UIKit.framework */ = {isa = PBXFileReference; lastKnownFileType = wrapper.framework; name = UIKit.framework; path = System/Library/Frameworks/UIKit.framework; sourceTree = SDKROOT; };
		62A10CA314D4D1E40072B828 /* Foundation.framework */ = {isa = PBXFileReference; lastKnownFileType = wrapper.framework; name = Foundation.framework; path = System/Library/Frameworks/Foundation.framework; sourceTree = SDKROOT; };
		62A10CA514D4D1E40072B828 /* CoreGraphics.framework */ = {isa = PBXFileReference; lastKnownFileType = wrapper.framework; name = CoreGraphics.framework; path = System/Library/Frameworks/CoreGraphics.framework; sourceTree = SDKROOT; };
		62A10CA914D4D1E40072B828 /* eenit-Info.plist */ = {isa = PBXFileReference; lastKnownFileType = text.plist.xml; path = "eenit-Info.plist"; sourceTree = "<group>"; };
		62A10CAB14D4D1E40072B828 /* en */ = {isa = PBXFileReference; lastKnownFileType = text.plist.strings; name = en; path = en.lproj/InfoPlist.strings; sourceTree = "<group>"; };
		62A10CAD14D4D1E40072B828 /* main.m */ = {isa = PBXFileReference; lastKnownFileType = sourcecode.c.objc; path = main.m; sourceTree = "<group>"; };
		62A10CAF14D4D1E40072B828 /* eenit-Prefix.pch */ = {isa = PBXFileReference; lastKnownFileType = sourcecode.c.h; path = "eenit-Prefix.pch"; sourceTree = "<group>"; };
		62A10CB014D4D1E40072B828 /* AppDelegate.h */ = {isa = PBXFileReference; lastKnownFileType = sourcecode.c.h; path = AppDelegate.h; sourceTree = "<group>"; };
		62A10CB114D4D1E40072B828 /* AppDelegate.m */ = {isa = PBXFileReference; lastKnownFileType = sourcecode.c.objc; path = AppDelegate.m; sourceTree = "<group>"; };
		62A10CB414D4D1E40072B828 /* en */ = {isa = PBXFileReference; lastKnownFileType = file.storyboard; name = en; path = en.lproj/MainStoryboard_iPhone.storyboard; sourceTree = "<group>"; };
		62A10CB714D4D1E40072B828 /* en */ = {isa = PBXFileReference; lastKnownFileType = file.storyboard; name = en; path = en.lproj/MainStoryboard_iPad.storyboard; sourceTree = "<group>"; };
		62A10CB914D4D1E40072B828 /* ViewController.h */ = {isa = PBXFileReference; lastKnownFileType = sourcecode.c.h; path = ViewController.h; sourceTree = "<group>"; };
		62A10CBA14D4D1E40072B828 /* ViewController.m */ = {isa = PBXFileReference; lastKnownFileType = sourcecode.c.objc; path = ViewController.m; sourceTree = "<group>"; };
		62A10CC214D4DA1D0072B828 /* MainViewController.h */ = {isa = PBXFileReference; fileEncoding = 4; lastKnownFileType = sourcecode.c.h; name = MainViewController.h; path = classes/views/MainViewController.h; sourceTree = "<group>"; };
		62A10CC314D4DA1D0072B828 /* MainViewController.m */ = {isa = PBXFileReference; fileEncoding = 4; lastKnownFileType = sourcecode.c.objc; name = MainViewController.m; path = classes/views/MainViewController.m; sourceTree = "<group>"; };
		62A10CC514D4DA420072B828 /* AboutViewController.h */ = {isa = PBXFileReference; fileEncoding = 4; lastKnownFileType = sourcecode.c.h; name = AboutViewController.h; path = classes/views/AboutViewController.h; sourceTree = "<group>"; };
		62A10CC614D4DA420072B828 /* AboutViewController.m */ = {isa = PBXFileReference; fileEncoding = 4; lastKnownFileType = sourcecode.c.objc; name = AboutViewController.m; path = classes/views/AboutViewController.m; sourceTree = "<group>"; };
		62A10CC814D4DA690072B828 /* SettingsViewController.h */ = {isa = PBXFileReference; fileEncoding = 4; lastKnownFileType = sourcecode.c.h; name = SettingsViewController.h; path = classes/views/SettingsViewController.h; sourceTree = "<group>"; };
		62A10CC914D4DA690072B828 /* SettingsViewController.m */ = {isa = PBXFileReference; fileEncoding = 4; lastKnownFileType = sourcecode.c.objc; name = SettingsViewController.m; path = classes/views/SettingsViewController.m; sourceTree = "<group>"; };
		62A10CCB14D4DA950072B828 /* HelpViewController.h */ = {isa = PBXFileReference; fileEncoding = 4; lastKnownFileType = sourcecode.c.h; name = HelpViewController.h; path = classes/views/HelpViewController.h; sourceTree = "<group>"; };
		62A10CCC14D4DA950072B828 /* HelpViewController.m */ = {isa = PBXFileReference; fileEncoding = 4; lastKnownFileType = sourcecode.c.objc; name = HelpViewController.m; path = classes/views/HelpViewController.m; sourceTree = "<group>"; };
		62A10CCE14D4DAAF0072B828 /* StatsViewController.h */ = {isa = PBXFileReference; fileEncoding = 4; lastKnownFileType = sourcecode.c.h; name = StatsViewController.h; path = classes/views/StatsViewController.h; sourceTree = "<group>"; };
		62A10CCF14D4DAAF0072B828 /* StatsViewController.m */ = {isa = PBXFileReference; fileEncoding = 4; lastKnownFileType = sourcecode.c.objc; name = StatsViewController.m; path = classes/views/StatsViewController.m; sourceTree = "<group>"; };
		62A10CD114D4DAF50072B828 /* IntroViewController.h */ = {isa = PBXFileReference; fileEncoding = 4; lastKnownFileType = sourcecode.c.h; name = IntroViewController.h; path = classes/views/IntroViewController.h; sourceTree = "<group>"; };
		62A10CD214D4DAF50072B828 /* IntroViewController.m */ = {isa = PBXFileReference; fileEncoding = 4; lastKnownFileType = sourcecode.c.objc; name = IntroViewController.m; path = classes/views/IntroViewController.m; sourceTree = "<group>"; };
		62A10CD414D4DC090072B828 /* GameViewController.h */ = {isa = PBXFileReference; fileEncoding = 4; lastKnownFileType = sourcecode.c.h; name = GameViewController.h; path = classes/views/GameViewController.h; sourceTree = "<group>"; };
		62A10CD514D4DC0A0072B828 /* GameViewController.m */ = {isa = PBXFileReference; fileEncoding = 4; lastKnownFileType = sourcecode.c.objc; name = GameViewController.m; path = classes/views/GameViewController.m; sourceTree = "<group>"; };
		62A10CD714D4DC200072B828 /* PauseViewController.h */ = {isa = PBXFileReference; fileEncoding = 4; lastKnownFileType = sourcecode.c.h; name = PauseViewController.h; path = classes/views/PauseViewController.h; sourceTree = "<group>"; };
		62A10CD814D4DC200072B828 /* PauseViewController.m */ = {isa = PBXFileReference; fileEncoding = 4; lastKnownFileType = sourcecode.c.objc; name = PauseViewController.m; path = classes/views/PauseViewController.m; sourceTree = "<group>"; };
		62A10CE714D4E86B0072B828 /* app_icon.png */ = {isa = PBXFileReference; lastKnownFileType = image.png; name = app_icon.png; path = ../app_icon.png; sourceTree = "<group>"; };
		62A10CE914D4E8720072B828 /* app_icon@2x.png */ = {isa = PBXFileReference; lastKnownFileType = image.png; name = "app_icon@2x.png"; path = "../app_icon@2x.png"; sourceTree = "<group>"; };
		62A10CEB14D4E88D0072B828 /* app_icon_ipad.png */ = {isa = PBXFileReference; lastKnownFileType = image.png; name = app_icon_ipad.png; path = ../app_icon_ipad.png; sourceTree = "<group>"; };
		62A10CED14D4E89C0072B828 /* Default-Portrait~ipad.png */ = {isa = PBXFileReference; lastKnownFileType = image.png; name = "Default-Portrait~ipad.png"; path = "../Default-Portrait~ipad.png"; sourceTree = "<group>"; };
		62A10CEF14D4E8B20072B828 /* Default.png */ = {isa = PBXFileReference; lastKnownFileType = image.png; name = Default.png; path = ../Default.png; sourceTree = "<group>"; };
		62A10CF114D4E8B80072B828 /* Default@2x.png */ = {isa = PBXFileReference; lastKnownFileType = image.png; name = "Default@2x.png"; path = "../Default@2x.png"; sourceTree = "<group>"; };
		62A10CF414D4ED6C0072B828 /* button_selected@2x.png */ = {isa = PBXFileReference; lastKnownFileType = image.png; name = "button_selected@2x.png"; path = "images/button_selected@2x.png"; sourceTree = "<group>"; };
		62A10CF514D4ED6C0072B828 /* button@2x.png */ = {isa = PBXFileReference; lastKnownFileType = image.png; name = "button@2x.png"; path = "images/button@2x.png"; sourceTree = "<group>"; };
		62A10CF614D4ED6C0072B828 /* button.png */ = {isa = PBXFileReference; lastKnownFileType = image.png; name = button.png; path = images/button.png; sourceTree = "<group>"; };
		62A10CF714D4ED6C0072B828 /* button_selected.png */ = {isa = PBXFileReference; lastKnownFileType = image.png; name = button_selected.png; path = images/button_selected.png; sourceTree = "<group>"; };
		62A10CF814D4ED6C0072B828 /* game_bg@2x.png */ = {isa = PBXFileReference; lastKnownFileType = image.png; name = "game_bg@2x.png"; path = "images/game_bg@2x.png"; sourceTree = "<group>"; };
		62A10CF914D4ED6C0072B828 /* game_bg.png */ = {isa = PBXFileReference; lastKnownFileType = image.png; name = game_bg.png; path = images/game_bg.png; sourceTree = "<group>"; };
		62A10CFA14D4ED6C0072B828 /* pause_bg.png */ = {isa = PBXFileReference; lastKnownFileType = image.png; name = pause_bg.png; path = images/pause_bg.png; sourceTree = "<group>"; };
		62A10CFB14D4ED6C0072B828 /* pause_bg@2x.png */ = {isa = PBXFileReference; lastKnownFileType = image.png; name = "pause_bg@2x.png"; path = "images/pause_bg@2x.png"; sourceTree = "<group>"; };
		62A10CFC14D4ED6C0072B828 /* intro_bg.png */ = {isa = PBXFileReference; lastKnownFileType = image.png; name = intro_bg.png; path = images/intro_bg.png; sourceTree = "<group>"; };
		62A10CFD14D4ED6C0072B828 /* intro_bg@2x.png */ = {isa = PBXFileReference; lastKnownFileType = image.png; name = "intro_bg@2x.png"; path = "images/intro_bg@2x.png"; sourceTree = "<group>"; };
		62A10CFE14D4ED6C0072B828 /* main_menu_bg.png */ = {isa = PBXFileReference; lastKnownFileType = image.png; name = main_menu_bg.png; path = images/main_menu_bg.png; sourceTree = "<group>"; };
		62A10CFF14D4ED6C0072B828 /* main_menu_bg@2x.png */ = {isa = PBXFileReference; lastKnownFileType = image.png; name = "main_menu_bg@2x.png"; path = "images/main_menu_bg@2x.png"; sourceTree = "<group>"; };
		62A10D0014D4ED6C0072B828 /* stats_bg.png */ = {isa = PBXFileReference; lastKnownFileType = image.png; name = stats_bg.png; path = images/stats_bg.png; sourceTree = "<group>"; };
		62A10D0114D4ED6C0072B828 /* stats_bg@2x.png */ = {isa = PBXFileReference; lastKnownFileType = image.png; name = "stats_bg@2x.png"; path = "images/stats_bg@2x.png"; sourceTree = "<group>"; };
		62A10D0214D4ED6C0072B828 /* settings_bg.png */ = {isa = PBXFileReference; lastKnownFileType = image.png; name = settings_bg.png; path = images/settings_bg.png; sourceTree = "<group>"; };
		62A10D0314D4ED6C0072B828 /* settings_bg@2x.png */ = {isa = PBXFileReference; lastKnownFileType = image.png; name = "settings_bg@2x.png"; path = "images/settings_bg@2x.png"; sourceTree = "<group>"; };
		62A10D0414D4ED6C0072B828 /* about_bg.png */ = {isa = PBXFileReference; lastKnownFileType = image.png; name = about_bg.png; path = images/about_bg.png; sourceTree = "<group>"; };
		62A10D0514D4ED6C0072B828 /* about_bg@2x.png */ = {isa = PBXFileReference; lastKnownFileType = image.png; name = "about_bg@2x.png"; path = "images/about_bg@2x.png"; sourceTree = "<group>"; };
		62A10D1914D4F66B0072B828 /* button_2_selected.png */ = {isa = PBXFileReference; lastKnownFileType = image.png; name = button_2_selected.png; path = images/button_2_selected.png; sourceTree = "<group>"; };
		62A10D1A14D4F66B0072B828 /* button_2.png */ = {isa = PBXFileReference; lastKnownFileType = image.png; name = button_2.png; path = images/button_2.png; sourceTree = "<group>"; };
		62A10D1E14D4FC6F0072B828 /* about_back_btn.png */ = {isa = PBXFileReference; lastKnownFileType = image.png; path = about_back_btn.png; sourceTree = "<group>"; };
		62A10D1F14D4FC6F0072B828 /* about_back_sel_btn.png */ = {isa = PBXFileReference; lastKnownFileType = image.png; path = about_back_sel_btn.png; sourceTree = "<group>"; };
		62A10D2014D4FC6F0072B828 /* about_btn.png */ = {isa = PBXFileReference; lastKnownFileType = image.png; path = about_btn.png; sourceTree = "<group>"; };
		62A10D2114D4FC6F0072B828 /* about_sel_btn.png */ = {isa = PBXFileReference; lastKnownFileType = image.png; path = about_sel_btn.png; sourceTree = "<group>"; };
		62A10D2214D4FC6F0072B828 /* help_back_btn.png */ = {isa = PBXFileReference; lastKnownFileType = image.png; path = help_back_btn.png; sourceTree = "<group>"; };
		62A10D2314D4FC6F0072B828 /* help_back_sel_btn.png */ = {isa = PBXFileReference; lastKnownFileType = image.png; path = help_back_sel_btn.png; sourceTree = "<group>"; };
		62A10D2414D4FC6F0072B828 /* settings_back_btn.png */ = {isa = PBXFileReference; lastKnownFileType = image.png; path = settings_back_btn.png; sourceTree = "<group>"; };
		62A10D2514D4FC6F0072B828 /* settings_back_sel_btn.png */ = {isa = PBXFileReference; lastKnownFileType = image.png; path = settings_back_sel_btn.png; sourceTree = "<group>"; };
		62A10D2614D4FC6F0072B828 /* settings_btn.png */ = {isa = PBXFileReference; lastKnownFileType = image.png; path = settings_btn.png; sourceTree = "<group>"; };
		62A10D2714D4FC6F0072B828 /* settings_sel_btn.png */ = {isa = PBXFileReference; lastKnownFileType = image.png; path = settings_sel_btn.png; sourceTree = "<group>"; };
		62A10D2814D4FC6F0072B828 /* stats_back_btn.png */ = {isa = PBXFileReference; lastKnownFileType = image.png; path = stats_back_btn.png; sourceTree = "<group>"; };
		62A10D2914D4FC6F0072B828 /* stats_back_sel_btn.png */ = {isa = PBXFileReference; lastKnownFileType = image.png; path = stats_back_sel_btn.png; sourceTree = "<group>"; };
		62A10D2A14D4FC6F0072B828 /* stats_btn.png */ = {isa = PBXFileReference; lastKnownFileType = image.png; path = stats_btn.png; sourceTree = "<group>"; };
		62A10D2B14D4FC6F0072B828 /* stats_sel_btn.png */ = {isa = PBXFileReference; lastKnownFileType = image.png; path = stats_sel_btn.png; sourceTree = "<group>"; };
		62A10D3A14D4FE5C0072B828 /* help_sel_btn.png */ = {isa = PBXFileReference; lastKnownFileType = image.png; path = help_sel_btn.png; sourceTree = "<group>"; };
		62A10D3B14D4FE5C0072B828 /* help_btn.png */ = {isa = PBXFileReference; lastKnownFileType = image.png; path = help_btn.png; sourceTree = "<group>"; };
		62A10D3E14D4FEBA0072B828 /* play_sel_btn.png */ = {isa = PBXFileReference; lastKnownFileType = image.png; path = play_sel_btn.png; sourceTree = "<group>"; };
		62A10D3F14D4FEBA0072B828 /* play_btn.png */ = {isa = PBXFileReference; lastKnownFileType = image.png; path = play_btn.png; sourceTree = "<group>"; };
		62A10D4214D4FF580072B828 /* pause_sel_btn.png */ = {isa = PBXFileReference; lastKnownFileType = image.png; path = pause_sel_btn.png; sourceTree = "<group>"; };
		62A10D4314D4FF580072B828 /* pause_btn.png */ = {isa = PBXFileReference; lastKnownFileType = image.png; path = pause_btn.png; sourceTree = "<group>"; };
		62A10D4614D4FFD50072B828 /* quit_sel_btn.png */ = {isa = PBXFileReference; lastKnownFileType = image.png; path = quit_sel_btn.png; sourceTree = "<group>"; };
		62A10D4714D4FFD50072B828 /* quit_btn.png */ = {isa = PBXFileReference; lastKnownFileType = image.png; path = quit_btn.png; sourceTree = "<group>"; };
		62A10D4814D4FFD50072B828 /* resume_sel_btn.png */ = {isa = PBXFileReference; lastKnownFileType = image.png; path = resume_sel_btn.png; sourceTree = "<group>"; };
		62A10D4914D4FFD50072B828 /* resume_btn.png */ = {isa = PBXFileReference; lastKnownFileType = image.png; path = resume_btn.png; sourceTree = "<group>"; };
		62A10D4E14D500570072B828 /* gamecenter_sel_btn.png */ = {isa = PBXFileReference; lastKnownFileType = image.png; path = gamecenter_sel_btn.png; sourceTree = "<group>"; };
		62A10D4F14D500580072B828 /* gamecenter_btn.png */ = {isa = PBXFileReference; lastKnownFileType = image.png; path = gamecenter_btn.png; sourceTree = "<group>"; };
		62A10D5214D504510072B828 /* CDataHandler.h */ = {isa = PBXFileReference; fileEncoding = 4; lastKnownFileType = sourcecode.c.h; name = CDataHandler.h; path = classes/utils/CDataHandler.h; sourceTree = "<group>"; };
		62A10D5314D504510072B828 /* CDataHandler.m */ = {isa = PBXFileReference; fileEncoding = 4; lastKnownFileType = sourcecode.c.objc; name = CDataHandler.m; path = classes/utils/CDataHandler.m; sourceTree = "<group>"; };
		62A10D5514D504E50072B828 /* MessageUI.framework */ = {isa = PBXFileReference; lastKnownFileType = wrapper.framework; name = MessageUI.framework; path = System/Library/Frameworks/MessageUI.framework; sourceTree = SDKROOT; };
		62A10D5714D504EC0072B828 /* CoreData.framework */ = {isa = PBXFileReference; lastKnownFileType = wrapper.framework; name = CoreData.framework; path = System/Library/Frameworks/CoreData.framework; sourceTree = SDKROOT; };
		62A10D5914D505710072B828 /* GameKit.framework */ = {isa = PBXFileReference; lastKnownFileType = wrapper.framework; name = GameKit.framework; path = System/Library/Frameworks/GameKit.framework; sourceTree = SDKROOT; };
		62A10D5B14D505830072B828 /* Twitter.framework */ = {isa = PBXFileReference; lastKnownFileType = wrapper.framework; name = Twitter.framework; path = System/Library/Frameworks/Twitter.framework; sourceTree = SDKROOT; };
		62A10D5D14D51F920072B828 /* LocalStorage.h */ = {isa = PBXFileReference; fileEncoding = 4; lastKnownFileType = sourcecode.c.h; name = LocalStorage.h; path = classes/utils/LocalStorage.h; sourceTree = "<group>"; };
		62A10D5E14D51F920072B828 /* LocalStorage.m */ = {isa = PBXFileReference; fileEncoding = 4; lastKnownFileType = sourcecode.c.objc; name = LocalStorage.m; path = classes/utils/LocalStorage.m; sourceTree = "<group>"; };
		62A10D6014D520410072B828 /* Sound.h */ = {isa = PBXFileReference; fileEncoding = 4; lastKnownFileType = sourcecode.c.h; name = Sound.h; path = classes/utils/Sound.h; sourceTree = "<group>"; };
		62A10D6114D520410072B828 /* Sound.m */ = {isa = PBXFileReference; fileEncoding = 4; lastKnownFileType = sourcecode.c.objc; name = Sound.m; path = classes/utils/Sound.m; sourceTree = "<group>"; };
		62A10D6314D523D70072B828 /* AVFoundation.framework */ = {isa = PBXFileReference; lastKnownFileType = wrapper.framework; name = AVFoundation.framework; path = System/Library/Frameworks/AVFoundation.framework; sourceTree = SDKROOT; };
		62A10D6514D523DE0072B828 /* AudioToolbox.framework */ = {isa = PBXFileReference; lastKnownFileType = wrapper.framework; name = AudioToolbox.framework; path = System/Library/Frameworks/AudioToolbox.framework; sourceTree = SDKROOT; };
		62A10D6714D523E60072B828 /* CoreAudio.framework */ = {isa = PBXFileReference; lastKnownFileType = wrapper.framework; name = CoreAudio.framework; path = System/Library/Frameworks/CoreAudio.framework; sourceTree = SDKROOT; };
		62A10D7714D5B9680072B828 /* GANTracker.h */ = {isa = PBXFileReference; fileEncoding = 4; lastKnownFileType = sourcecode.c.h; path = GANTracker.h; sourceTree = "<group>"; };
		62A10D7814D5B9680072B828 /* libGoogleAnalytics.a */ = {isa = PBXFileReference; lastKnownFileType = archive.ar; path = libGoogleAnalytics.a; sourceTree = "<group>"; };
		62A10D7914D5B9680072B828 /* libGoogleAnalytics_NoThumb.a */ = {isa = PBXFileReference; lastKnownFileType = archive.ar; path = libGoogleAnalytics_NoThumb.a; sourceTree = "<group>"; };
		62A10D7C14D5BA7E0072B828 /* libsqlite3.0.dylib */ = {isa = PBXFileReference; lastKnownFileType = "compiled.mach-o.dylib"; name = libsqlite3.0.dylib; path = usr/lib/libsqlite3.0.dylib; sourceTree = SDKROOT; };
/* End PBXFileReference section */

/* Begin PBXFrameworksBuildPhase section */
		62A10C9A14D4D1E40072B828 /* Frameworks */ = {
			isa = PBXFrameworksBuildPhase;
			buildActionMask = 2147483647;
			files = (
				62A10D7D14D5BA7F0072B828 /* libsqlite3.0.dylib in Frameworks */,
				62A10D6814D523E60072B828 /* CoreAudio.framework in Frameworks */,
				62A10D6614D523DF0072B828 /* AudioToolbox.framework in Frameworks */,
				62A10D6414D523D80072B828 /* AVFoundation.framework in Frameworks */,
				62A10D5C14D505840072B828 /* Twitter.framework in Frameworks */,
				62A10D5A14D505710072B828 /* GameKit.framework in Frameworks */,
				62A10D5814D504ED0072B828 /* CoreData.framework in Frameworks */,
				62A10D5614D504E60072B828 /* MessageUI.framework in Frameworks */,
				62A10CA214D4D1E40072B828 /* UIKit.framework in Frameworks */,
				62A10CA414D4D1E40072B828 /* Foundation.framework in Frameworks */,
				62A10CA614D4D1E40072B828 /* CoreGraphics.framework in Frameworks */,
				62A10D7A14D5B9680072B828 /* libGoogleAnalytics.a in Frameworks */,
				62A10D7B14D5B9680072B828 /* libGoogleAnalytics_NoThumb.a in Frameworks */,
			);
			runOnlyForDeploymentPostprocessing = 0;
		};
/* End PBXFrameworksBuildPhase section */

/* Begin PBXGroup section */
		62A10C9214D4D1E40072B828 = {
			isa = PBXGroup;
			children = (
				62A10CA714D4D1E40072B828 /* eenit */,
				62A10CA014D4D1E40072B828 /* Frameworks */,
				62A10C9E14D4D1E40072B828 /* Products */,
			);
			sourceTree = "<group>";
		};
		62A10C9E14D4D1E40072B828 /* Products */ = {
			isa = PBXGroup;
			children = (
				62A10C9D14D4D1E40072B828 /* eenit.app */,
			);
			name = Products;
			sourceTree = "<group>";
		};
		62A10CA014D4D1E40072B828 /* Frameworks */ = {
			isa = PBXGroup;
			children = (
				62A10D7C14D5BA7E0072B828 /* libsqlite3.0.dylib */,
				62A10D6714D523E60072B828 /* CoreAudio.framework */,
				62A10D6514D523DE0072B828 /* AudioToolbox.framework */,
				62A10D6314D523D70072B828 /* AVFoundation.framework */,
				62A10D5B14D505830072B828 /* Twitter.framework */,
				62A10D5914D505710072B828 /* GameKit.framework */,
				62A10D5714D504EC0072B828 /* CoreData.framework */,
				62A10D5514D504E50072B828 /* MessageUI.framework */,
				62A10CA114D4D1E40072B828 /* UIKit.framework */,
				62A10CA314D4D1E40072B828 /* Foundation.framework */,
				62A10CA514D4D1E40072B828 /* CoreGraphics.framework */,
			);
			name = Frameworks;
			sourceTree = "<group>";
		};
		62A10CA714D4D1E40072B828 /* eenit */ = {
			isa = PBXGroup;
			children = (
				62A10D1814D4F51B0072B828 /* utils */,
				62A10CDA14D4E8450072B828 /* images */,
				62A10CC114D4D9AF0072B828 /* Views */,
				62A10CB014D4D1E40072B828 /* AppDelegate.h */,
				62A10CB114D4D1E40072B828 /* AppDelegate.m */,
				62A10CB314D4D1E40072B828 /* MainStoryboard_iPhone.storyboard */,
				62A10CB614D4D1E40072B828 /* MainStoryboard_iPad.storyboard */,
				62A10CB914D4D1E40072B828 /* ViewController.h */,
				62A10CBA14D4D1E40072B828 /* ViewController.m */,
				62A10CA814D4D1E40072B828 /* Supporting Files */,
			);
			path = eenit;
			sourceTree = "<group>";
		};
		62A10CA814D4D1E40072B828 /* Supporting Files */ = {
			isa = PBXGroup;
			children = (
				62A10CA914D4D1E40072B828 /* eenit-Info.plist */,
				62A10CAA14D4D1E40072B828 /* InfoPlist.strings */,
				62A10CAD14D4D1E40072B828 /* main.m */,
				62A10CAF14D4D1E40072B828 /* eenit-Prefix.pch */,
			);
			name = "Supporting Files";
			sourceTree = "<group>";
		};
		62A10CC114D4D9AF0072B828 /* Views */ = {
			isa = PBXGroup;
			children = (
				62A10CC214D4DA1D0072B828 /* MainViewController.h */,
				62A10CC314D4DA1D0072B828 /* MainViewController.m */,
				62A10CC514D4DA420072B828 /* AboutViewController.h */,
				62A10CC614D4DA420072B828 /* AboutViewController.m */,
				62A10CC814D4DA690072B828 /* SettingsViewController.h */,
				62A10CC914D4DA690072B828 /* SettingsViewController.m */,
				62A10CCB14D4DA950072B828 /* HelpViewController.h */,
				62A10CCC14D4DA950072B828 /* HelpViewController.m */,
				62A10CCE14D4DAAF0072B828 /* StatsViewController.h */,
				62A10CCF14D4DAAF0072B828 /* StatsViewController.m */,
				62A10CD114D4DAF50072B828 /* IntroViewController.h */,
				62A10CD214D4DAF50072B828 /* IntroViewController.m */,
				62A10CD414D4DC090072B828 /* GameViewController.h */,
				62A10CD514D4DC0A0072B828 /* GameViewController.m */,
				62A10CD714D4DC200072B828 /* PauseViewController.h */,
				62A10CD814D4DC200072B828 /* PauseViewController.m */,
			);
			name = Views;
			sourceTree = "<group>";
		};
		62A10CDA14D4E8450072B828 /* images */ = {
			isa = PBXGroup;
			children = (
				62A10D1D14D4FC6F0072B828 /* buttons */,
				62A10CF314D4E9030072B828 /* assets */,
				62A10CF114D4E8B80072B828 /* Default@2x.png */,
				62A10CEF14D4E8B20072B828 /* Default.png */,
				62A10CED14D4E89C0072B828 /* Default-Portrait~ipad.png */,
				62A10CEB14D4E88D0072B828 /* app_icon_ipad.png */,
				62A10CE914D4E8720072B828 /* app_icon@2x.png */,
				62A10CE714D4E86B0072B828 /* app_icon.png */,
			);
			name = images;
			sourceTree = "<group>";
		};
		62A10CF314D4E9030072B828 /* assets */ = {
			isa = PBXGroup;
			children = (
				62A10D1914D4F66B0072B828 /* button_2_selected.png */,
				62A10D1A14D4F66B0072B828 /* button_2.png */,
				62A10CF414D4ED6C0072B828 /* button_selected@2x.png */,
				62A10CF514D4ED6C0072B828 /* button@2x.png */,
				62A10CF614D4ED6C0072B828 /* button.png */,
				62A10CF714D4ED6C0072B828 /* button_selected.png */,
				62A10CF814D4ED6C0072B828 /* game_bg@2x.png */,
				62A10CF914D4ED6C0072B828 /* game_bg.png */,
				62A10CFA14D4ED6C0072B828 /* pause_bg.png */,
				62A10CFB14D4ED6C0072B828 /* pause_bg@2x.png */,
				62A10CFC14D4ED6C0072B828 /* intro_bg.png */,
				62A10CFD14D4ED6C0072B828 /* intro_bg@2x.png */,
				62A10CFE14D4ED6C0072B828 /* main_menu_bg.png */,
				62A10CFF14D4ED6C0072B828 /* main_menu_bg@2x.png */,
				62A10D0014D4ED6C0072B828 /* stats_bg.png */,
				62A10D0114D4ED6C0072B828 /* stats_bg@2x.png */,
				62A10D0214D4ED6C0072B828 /* settings_bg.png */,
				62A10D0314D4ED6C0072B828 /* settings_bg@2x.png */,
				62A10D0414D4ED6C0072B828 /* about_bg.png */,
				62A10D0514D4ED6C0072B828 /* about_bg@2x.png */,
			);
			name = assets;
			sourceTree = "<group>";
		};
		62A10D1814D4F51B0072B828 /* utils */ = {
			isa = PBXGroup;
			children = (
				62A10D7614D5B9680072B828 /* GAnalytics */,
				62A10D5214D504510072B828 /* CDataHandler.h */,
				62A10D5314D504510072B828 /* CDataHandler.m */,
				62A10D5D14D51F920072B828 /* LocalStorage.h */,
				62A10D5E14D51F920072B828 /* LocalStorage.m */,
				62A10D6014D520410072B828 /* Sound.h */,
				62A10D6114D520410072B828 /* Sound.m */,
			);
			name = utils;
			sourceTree = "<group>";
		};
		62A10D1D14D4FC6F0072B828 /* buttons */ = {
			isa = PBXGroup;
			children = (
				62A10D4E14D500570072B828 /* gamecenter_sel_btn.png */,
				62A10D4F14D500580072B828 /* gamecenter_btn.png */,
				62A10D4614D4FFD50072B828 /* quit_sel_btn.png */,
				62A10D4714D4FFD50072B828 /* quit_btn.png */,
				62A10D4814D4FFD50072B828 /* resume_sel_btn.png */,
				62A10D4914D4FFD50072B828 /* resume_btn.png */,
				62A10D4214D4FF580072B828 /* pause_sel_btn.png */,
				62A10D4314D4FF580072B828 /* pause_btn.png */,
				62A10D3E14D4FEBA0072B828 /* play_sel_btn.png */,
				62A10D3F14D4FEBA0072B828 /* play_btn.png */,
				62A10D3A14D4FE5C0072B828 /* help_sel_btn.png */,
				62A10D3B14D4FE5C0072B828 /* help_btn.png */,
				62A10D1E14D4FC6F0072B828 /* about_back_btn.png */,
				62A10D1F14D4FC6F0072B828 /* about_back_sel_btn.png */,
				62A10D2014D4FC6F0072B828 /* about_btn.png */,
				62A10D2114D4FC6F0072B828 /* about_sel_btn.png */,
				62A10D2214D4FC6F0072B828 /* help_back_btn.png */,
				62A10D2314D4FC6F0072B828 /* help_back_sel_btn.png */,
				62A10D2414D4FC6F0072B828 /* settings_back_btn.png */,
				62A10D2514D4FC6F0072B828 /* settings_back_sel_btn.png */,
				62A10D2614D4FC6F0072B828 /* settings_btn.png */,
				62A10D2714D4FC6F0072B828 /* settings_sel_btn.png */,
				62A10D2814D4FC6F0072B828 /* stats_back_btn.png */,
				62A10D2914D4FC6F0072B828 /* stats_back_sel_btn.png */,
				62A10D2A14D4FC6F0072B828 /* stats_btn.png */,
				62A10D2B14D4FC6F0072B828 /* stats_sel_btn.png */,
			);
			name = buttons;
			path = images/buttons;
			sourceTree = "<group>";
		};
		62A10D7614D5B9680072B828 /* GAnalytics */ = {
			isa = PBXGroup;
			children = (
				62A10D7714D5B9680072B828 /* GANTracker.h */,
				62A10D7814D5B9680072B828 /* libGoogleAnalytics.a */,
				62A10D7914D5B9680072B828 /* libGoogleAnalytics_NoThumb.a */,
			);
			name = GAnalytics;
			path = classes/utils/GAnalytics;
			sourceTree = "<group>";
		};
/* End PBXGroup section */

/* Begin PBXNativeTarget section */
		62A10C9C14D4D1E40072B828 /* eenit */ = {
			isa = PBXNativeTarget;
			buildConfigurationList = 62A10CBE14D4D1E40072B828 /* Build configuration list for PBXNativeTarget "eenit" */;
			buildPhases = (
				62A10C9914D4D1E40072B828 /* Sources */,
				62A10C9A14D4D1E40072B828 /* Frameworks */,
				62A10C9B14D4D1E40072B828 /* Resources */,
			);
			buildRules = (
			);
			dependencies = (
			);
			name = eenit;
			productName = eenit;
			productReference = 62A10C9D14D4D1E40072B828 /* eenit.app */;
			productType = "com.apple.product-type.application";
		};
/* End PBXNativeTarget section */

/* Begin PBXProject section */
		62A10C9414D4D1E40072B828 /* Project object */ = {
			isa = PBXProject;
			attributes = {
				LastUpgradeCheck = 0420;
			};
			buildConfigurationList = 62A10C9714D4D1E40072B828 /* Build configuration list for PBXProject "eenit" */;
			compatibilityVersion = "Xcode 3.2";
			developmentRegion = English;
			hasScannedForEncodings = 0;
			knownRegions = (
				en,
			);
			mainGroup = 62A10C9214D4D1E40072B828;
			productRefGroup = 62A10C9E14D4D1E40072B828 /* Products */;
			projectDirPath = "";
			projectRoot = "";
			targets = (
				62A10C9C14D4D1E40072B828 /* eenit */,
			);
		};
/* End PBXProject section */

/* Begin PBXResourcesBuildPhase section */
		62A10C9B14D4D1E40072B828 /* Resources */ = {
			isa = PBXResourcesBuildPhase;
			buildActionMask = 2147483647;
			files = (
				62A10CAC14D4D1E40072B828 /* InfoPlist.strings in Resources */,
				62A10CB514D4D1E40072B828 /* MainStoryboard_iPhone.storyboard in Resources */,
				62A10CB814D4D1E40072B828 /* MainStoryboard_iPad.storyboard in Resources */,
				62A10CE814D4E86B0072B828 /* app_icon.png in Resources */,
				62A10CEA14D4E8720072B828 /* app_icon@2x.png in Resources */,
				62A10CEC14D4E88E0072B828 /* app_icon_ipad.png in Resources */,
				62A10CEE14D4E89C0072B828 /* Default-Portrait~ipad.png in Resources */,
				62A10CF014D4E8B30072B828 /* Default.png in Resources */,
				62A10CF214D4E8B80072B828 /* Default@2x.png in Resources */,
				62A10D0614D4ED6C0072B828 /* button_selected@2x.png in Resources */,
				62A10D0714D4ED6C0072B828 /* button@2x.png in Resources */,
				62A10D0814D4ED6C0072B828 /* button.png in Resources */,
				62A10D0914D4ED6C0072B828 /* button_selected.png in Resources */,
				62A10D0A14D4ED6C0072B828 /* game_bg@2x.png in Resources */,
				62A10D0B14D4ED6C0072B828 /* game_bg.png in Resources */,
				62A10D0C14D4ED6C0072B828 /* pause_bg.png in Resources */,
				62A10D0D14D4ED6C0072B828 /* pause_bg@2x.png in Resources */,
				62A10D0E14D4ED6C0072B828 /* intro_bg.png in Resources */,
				62A10D0F14D4ED6C0072B828 /* intro_bg@2x.png in Resources */,
				62A10D1014D4ED6C0072B828 /* main_menu_bg.png in Resources */,
				62A10D1114D4ED6C0072B828 /* main_menu_bg@2x.png in Resources */,
				62A10D1214D4ED6C0072B828 /* stats_bg.png in Resources */,
				62A10D1314D4ED6C0072B828 /* stats_bg@2x.png in Resources */,
				62A10D1414D4ED6C0072B828 /* settings_bg.png in Resources */,
				62A10D1514D4ED6C0072B828 /* settings_bg@2x.png in Resources */,
				62A10D1614D4ED6C0072B828 /* about_bg.png in Resources */,
				62A10D1714D4ED6C0072B828 /* about_bg@2x.png in Resources */,
				62A10D1B14D4F66B0072B828 /* button_2_selected.png in Resources */,
				62A10D1C14D4F66B0072B828 /* button_2.png in Resources */,
				62A10D2C14D4FC6F0072B828 /* about_back_btn.png in Resources */,
				62A10D2D14D4FC6F0072B828 /* about_back_sel_btn.png in Resources */,
				62A10D2E14D4FC6F0072B828 /* about_btn.png in Resources */,
				62A10D2F14D4FC6F0072B828 /* about_sel_btn.png in Resources */,
				62A10D3014D4FC6F0072B828 /* help_back_btn.png in Resources */,
				62A10D3114D4FC6F0072B828 /* help_back_sel_btn.png in Resources */,
				62A10D3214D4FC6F0072B828 /* settings_back_btn.png in Resources */,
				62A10D3314D4FC6F0072B828 /* settings_back_sel_btn.png in Resources */,
				62A10D3414D4FC6F0072B828 /* settings_btn.png in Resources */,
				62A10D3514D4FC6F0072B828 /* settings_sel_btn.png in Resources */,
				62A10D3614D4FC6F0072B828 /* stats_back_btn.png in Resources */,
				62A10D3714D4FC6F0072B828 /* stats_back_sel_btn.png in Resources */,
				62A10D3814D4FC6F0072B828 /* stats_btn.png in Resources */,
				62A10D3914D4FC6F0072B828 /* stats_sel_btn.png in Resources */,
				62A10D3C14D4FE5C0072B828 /* help_sel_btn.png in Resources */,
				62A10D3D14D4FE5C0072B828 /* help_btn.png in Resources */,
				62A10D4014D4FEBA0072B828 /* play_sel_btn.png in Resources */,
				62A10D4114D4FEBA0072B828 /* play_btn.png in Resources */,
				62A10D4414D4FF580072B828 /* pause_sel_btn.png in Resources */,
				62A10D4514D4FF580072B828 /* pause_btn.png in Resources */,
				62A10D4A14D4FFD60072B828 /* quit_sel_btn.png in Resources */,
				62A10D4B14D4FFD60072B828 /* quit_btn.png in Resources */,
				62A10D4C14D4FFD60072B828 /* resume_sel_btn.png in Resources */,
				62A10D4D14D4FFD60072B828 /* resume_btn.png in Resources */,
				62A10D5014D500590072B828 /* gamecenter_sel_btn.png in Resources */,
				62A10D5114D500590072B828 /* gamecenter_btn.png in Resources */,
			);
			runOnlyForDeploymentPostprocessing = 0;
		};
/* End PBXResourcesBuildPhase section */

/* Begin PBXSourcesBuildPhase section */
		62A10C9914D4D1E40072B828 /* Sources */ = {
			isa = PBXSourcesBuildPhase;
			buildActionMask = 2147483647;
			files = (
				62A10CAE14D4D1E40072B828 /* main.m in Sources */,
				62A10CB214D4D1E40072B828 /* AppDelegate.m in Sources */,
				62A10CBB14D4D1E40072B828 /* ViewController.m in Sources */,
				62A10CC414D4DA1D0072B828 /* MainViewController.m in Sources */,
				62A10CC714D4DA420072B828 /* AboutViewController.m in Sources */,
				62A10CCA14D4DA6A0072B828 /* SettingsViewController.m in Sources */,
				62A10CCD14D4DA960072B828 /* HelpViewController.m in Sources */,
				62A10CD014D4DAAF0072B828 /* StatsViewController.m in Sources */,
				62A10CD314D4DAF50072B828 /* IntroViewController.m in Sources */,
				62A10CD614D4DC0A0072B828 /* GameViewController.m in Sources */,
				62A10CD914D4DC200072B828 /* PauseViewController.m in Sources */,
				62A10D5414D504510072B828 /* CDataHandler.m in Sources */,
				62A10D5F14D51F920072B828 /* LocalStorage.m in Sources */,
				62A10D6214D520420072B828 /* Sound.m in Sources */,
			);
			runOnlyForDeploymentPostprocessing = 0;
		};
/* End PBXSourcesBuildPhase section */

/* Begin PBXVariantGroup section */
		62A10CAA14D4D1E40072B828 /* InfoPlist.strings */ = {
			isa = PBXVariantGroup;
			children = (
				62A10CAB14D4D1E40072B828 /* en */,
			);
			name = InfoPlist.strings;
			sourceTree = "<group>";
		};
		62A10CB314D4D1E40072B828 /* MainStoryboard_iPhone.storyboard */ = {
			isa = PBXVariantGroup;
			children = (
				62A10CB414D4D1E40072B828 /* en */,
			);
			name = MainStoryboard_iPhone.storyboard;
			sourceTree = "<group>";
		};
		62A10CB614D4D1E40072B828 /* MainStoryboard_iPad.storyboard */ = {
			isa = PBXVariantGroup;
			children = (
				62A10CB714D4D1E40072B828 /* en */,
			);
			name = MainStoryboard_iPad.storyboard;
			sourceTree = "<group>";
		};
/* End PBXVariantGroup section */

/* Begin XCBuildConfiguration section */
		62A10CBC14D4D1E40072B828 /* Debug */ = {
			isa = XCBuildConfiguration;
			buildSettings = {
				ALWAYS_SEARCH_USER_PATHS = NO;
				ARCHS = "$(ARCHS_STANDARD_32_BIT)";
				CLANG_ENABLE_OBJC_ARC = YES;
				"CODE_SIGN_IDENTITY[sdk=iphoneos*]" = "iPhone Developer";
				COPY_PHASE_STRIP = NO;
				GCC_C_LANGUAGE_STANDARD = gnu99;
				GCC_DYNAMIC_NO_PIC = NO;
				GCC_OPTIMIZATION_LEVEL = 0;
				GCC_PREPROCESSOR_DEFINITIONS = (
					"DEBUG=1",
					"$(inherited)",
				);
				GCC_SYMBOLS_PRIVATE_EXTERN = NO;
				GCC_VERSION = com.apple.compilers.llvm.clang.1_0;
				GCC_WARN_ABOUT_MISSING_PROTOTYPES = YES;
				GCC_WARN_ABOUT_RETURN_TYPE = YES;
				GCC_WARN_UNUSED_VARIABLE = YES;
				IPHONEOS_DEPLOYMENT_TARGET = 5.0;
				SDKROOT = iphoneos;
				TARGETED_DEVICE_FAMILY = "1,2";
			};
			name = Debug;
		};
		62A10CBD14D4D1E40072B828 /* Release */ = {
			isa = XCBuildConfiguration;
			buildSettings = {
				ALWAYS_SEARCH_USER_PATHS = NO;
				ARCHS = "$(ARCHS_STANDARD_32_BIT)";
				CLANG_ENABLE_OBJC_ARC = YES;
				"CODE_SIGN_IDENTITY[sdk=iphoneos*]" = "iPhone Developer";
				COPY_PHASE_STRIP = YES;
				GCC_C_LANGUAGE_STANDARD = gnu99;
				GCC_VERSION = com.apple.compilers.llvm.clang.1_0;
				GCC_WARN_ABOUT_MISSING_PROTOTYPES = YES;
				GCC_WARN_ABOUT_RETURN_TYPE = YES;
				GCC_WARN_UNUSED_VARIABLE = YES;
				IPHONEOS_DEPLOYMENT_TARGET = 5.0;
				OTHER_CFLAGS = "-DNS_BLOCK_ASSERTIONS=1";
				SDKROOT = iphoneos;
				TARGETED_DEVICE_FAMILY = "1,2";
				VALIDATE_PRODUCT = YES;
			};
			name = Release;
		};
		62A10CBF14D4D1E40072B828 /* Debug */ = {
			isa = XCBuildConfiguration;
			buildSettings = {
				GCC_PRECOMPILE_PREFIX_HEADER = YES;
				GCC_PREFIX_HEADER = "eenit/eenit-Prefix.pch";
				INFOPLIST_FILE = "eenit/eenit-Info.plist";
				LIBRARY_SEARCH_PATHS = (
					"$(inherited)",
					"\"$(SRCROOT)/eenit/classes/utils/GAnalytics\"",
				);
				PRODUCT_NAME = "$(TARGET_NAME)";
				WRAPPER_EXTENSION = app;
			};
			name = Debug;
		};
		62A10CC014D4D1E40072B828 /* Release */ = {
			isa = XCBuildConfiguration;
			buildSettings = {
				GCC_PRECOMPILE_PREFIX_HEADER = YES;
				GCC_PREFIX_HEADER = "eenit/eenit-Prefix.pch";
				INFOPLIST_FILE = "eenit/eenit-Info.plist";
				LIBRARY_SEARCH_PATHS = (
					"$(inherited)",
					"\"$(SRCROOT)/eenit/classes/utils/GAnalytics\"",
				);
				PRODUCT_NAME = "$(TARGET_NAME)";
				WRAPPER_EXTENSION = app;
			};
			name = Release;
		};
/* End XCBuildConfiguration section */

/* Begin XCConfigurationList section */
		62A10C9714D4D1E40072B828 /* Build configuration list for PBXProject "eenit" */ = {
			isa = XCConfigurationList;
			buildConfigurations = (
				62A10CBC14D4D1E40072B828 /* Debug */,
				62A10CBD14D4D1E40072B828 /* Release */,
			);
			defaultConfigurationIsVisible = 0;
			defaultConfigurationName = Release;
		};
		62A10CBE14D4D1E40072B828 /* Build configuration list for PBXNativeTarget "eenit" */ = {
			isa = XCConfigurationList;
			buildConfigurations = (
				62A10CBF14D4D1E40072B828 /* Debug */,
				62A10CC014D4D1E40072B828 /* Release */,
			);
			defaultConfigurationIsVisible = 0;
		};
/* End XCConfigurationList section */
	};
	rootObject = 62A10C9414D4D1E40072B828 /* Project object */;
}
